
Microsoft Visual Studio Solution File, Format Version 12.00
# Visual Studio 14
VisualStudioVersion = 14.0.25123.0
MinimumVisualStudioVersion = 10.0.40219.1
Project("{2150E333-8FDC-42A3-9474-1A3956D46DE8}") = "src", "src", "{903024E6-B341-446A-8E17-CC476BF2A404}"
EndProject
Project("{2150E333-8FDC-42A3-9474-1A3956D46DE8}") = "Solution Items", "Solution Items", "{BAF8D311-4316-4BDC-A43A-BF08CD1F32A7}"
	ProjectSection(SolutionItems) = preProject
		global.json = global.json
		readme.md = readme.md
	EndProjectSection
EndProject
Project("{8BB2217D-0F2D-49D1-97BC-3654ED321F3B}") = "IdentityServer4.MongoDB", "src\Core.MongoDB\IdentityServer4.MongoDB.xproj", "{704906BF-485F-49F4-A8CF-C75BA370C797}"
EndProject
Project("{2150E333-8FDC-42A3-9474-1A3956D46DE8}") = "Host", "Host", "{921E673D-7D22-487B-8533-177A5D64D024}"
EndProject
Project("{8BB2217D-0F2D-49D1-97BC-3654ED321F3B}") = "IdSvrHost.MongoDB", "IdSvrHost.MongoDB\IdSvrHost.MongoDB.xproj", "{3BC068D8-3623-4ADE-AAC3-AFC69AB918C0}"
EndProject
Project("{2150E333-8FDC-42A3-9474-1A3956D46DE8}") = "Dependencies", "Dependencies", "{A20406CA-6BA6-4EFB-9CC7-59F367848BB3}"
EndProject
Project("{8BB2217D-0F2D-49D1-97BC-3654ED321F3B}") = "IdentityServer4", "..\IdentityServer4\src\IdentityServer4\IdentityServer4.xproj", "{84F3B97E-7505-4DB3-9433-ECBF55DBCC2A}"
EndProject
Global
	GlobalSection(SolutionConfigurationPlatforms) = preSolution
		Debug|Any CPU = Debug|Any CPU
		Release|Any CPU = Release|Any CPU
	EndGlobalSection
	GlobalSection(ProjectConfigurationPlatforms) = postSolution
		{704906BF-485F-49F4-A8CF-C75BA370C797}.Debug|Any CPU.ActiveCfg = Debug|Any CPU
		{704906BF-485F-49F4-A8CF-C75BA370C797}.Debug|Any CPU.Build.0 = Debug|Any CPU
		{704906BF-485F-49F4-A8CF-C75BA370C797}.Release|Any CPU.ActiveCfg = Release|Any CPU
		{704906BF-485F-49F4-A8CF-C75BA370C797}.Release|Any CPU.Build.0 = Release|Any CPU
		{3BC068D8-3623-4ADE-AAC3-AFC69AB918C0}.Debug|Any CPU.ActiveCfg = Debug|Any CPU
		{3BC068D8-3623-4ADE-AAC3-AFC69AB918C0}.Debug|Any CPU.Build.0 = Debug|Any CPU
		{3BC068D8-3623-4ADE-AAC3-AFC69AB918C0}.Release|Any CPU.ActiveCfg = Release|Any CPU
		{3BC068D8-3623-4ADE-AAC3-AFC69AB918C0}.Release|Any CPU.Build.0 = Release|Any CPU
		{84F3B97E-7505-4DB3-9433-ECBF55DBCC2A}.Debug|Any CPU.ActiveCfg = Debug|Any CPU
		{84F3B97E-7505-4DB3-9433-ECBF55DBCC2A}.Debug|Any CPU.Build.0 = Debug|Any CPU
		{84F3B97E-7505-4DB3-9433-ECBF55DBCC2A}.Release|Any CPU.ActiveCfg = Release|Any CPU
		{84F3B97E-7505-4DB3-9433-ECBF55DBCC2A}.Release|Any CPU.Build.0 = Release|Any CPU
	EndGlobalSection
	GlobalSection(SolutionProperties) = preSolution
		HideSolutionNode = FALSE
	EndGlobalSection
	GlobalSection(NestedProjects) = preSolution
		{704906BF-485F-49F4-A8CF-C75BA370C797} = {903024E6-B341-446A-8E17-CC476BF2A404}
		{3BC068D8-3623-4ADE-AAC3-AFC69AB918C0} = {921E673D-7D22-487B-8533-177A5D64D024}
		{84F3B97E-7505-4DB3-9433-ECBF55DBCC2A} = {A20406CA-6BA6-4EFB-9CC7-59F367848BB3}
	EndGlobalSection
EndGlobal
